
Microsoft Visual Studio Solution File, Format Version 12.00
# Visual Studio Version 17
VisualStudioVersion = 17.7.34009.444
MinimumVisualStudioVersion = 10.0.40219.1
Project("{FAE04EC0-301F-11D3-BF4B-00C04F79EFBC}") = "AdvAddressBookSystem", "AdvAddressBookSystem.csproj", "{2F9C9C80-D9CB-4B62-8991-DD1DA541D895}"
EndProject
Global
	GlobalSection(SolutionConfigurationPlatforms) = preSolution
		Debug|Any CPU = Debug|Any CPU
		Release|Any CPU = Release|Any CPU
	EndGlobalSection
	GlobalSection(ProjectConfigurationPlatforms) = postSolution
		{2F9C9C80-D9CB-4B62-8991-DD1DA541D895}.Debug|Any CPU.ActiveCfg = Debug|Any CPU
		{2F9C9C80-D9CB-4B62-8991-DD1DA541D895}.Debug|Any CPU.Build.0 = Debug|Any CPU
		{2F9C9C80-D9CB-4B62-8991-DD1DA541D895}.Release|Any CPU.ActiveCfg = Release|Any CPU
		{2F9C9C80-D9CB-4B62-8991-DD1DA541D895}.Release|Any CPU.Build.0 = Release|Any CPU
	EndGlobalSection
	GlobalSection(SolutionProperties) = preSolution
		HideSolutionNode = FALSE
	EndGlobalSection
	GlobalSection(ExtensibilityGlobals) = postSolution
		SolutionGuid = {E09BDEAF-6383-45F8-AE47-96A1AF31C2C2}
	EndGlobalSection
EndGlobal
